
Microsoft Visual Studio Solution File, Format Version 12.00
# Visual Studio Version 17
VisualStudioVersion = 17.2.32616.157
MinimumVisualStudioVersion = 10.0.40219.1
Project("{FAE04EC0-301F-11D3-BF4B-00C04F79EFBC}") = "DataConnectionADONet", "DataConnectionADONet.csproj", "{43766296-0E9D-4F97-BD6C-88A85B8517B7}"
EndProject
Global
	GlobalSection(SolutionConfigurationPlatforms) = preSolution
		Debug|Any CPU = Debug|Any CPU
		Release|Any CPU = Release|Any CPU
	EndGlobalSection
	GlobalSection(ProjectConfigurationPlatforms) = postSolution
		{43766296-0E9D-4F97-BD6C-88A85B8517B7}.Debug|Any CPU.ActiveCfg = Debug|Any CPU
		{43766296-0E9D-4F97-BD6C-88A85B8517B7}.Debug|Any CPU.Build.0 = Debug|Any CPU
		{43766296-0E9D-4F97-BD6C-88A85B8517B7}.Release|Any CPU.ActiveCfg = Release|Any CPU
		{43766296-0E9D-4F97-BD6C-88A85B8517B7}.Release|Any CPU.Build.0 = Release|Any CPU
	EndGlobalSection
	GlobalSection(SolutionProperties) = preSolution
		HideSolutionNode = FALSE
	EndGlobalSection
	GlobalSection(ExtensibilityGlobals) = postSolution
		SolutionGuid = {965675EB-1A7A-4BC8-A346-89D9A1D628FE}
	EndGlobalSection
EndGlobal
