
Microsoft Visual Studio Solution File, Format Version 12.00
# Visual Studio Version 17
VisualStudioVersion = 17.2.32526.322
MinimumVisualStudioVersion = 10.0.40219.1
Project("{FAE04EC0-301F-11D3-BF4B-00C04F79EFBC}") = "GettingStarted", "GettingStarted\GettingStarted.csproj", "{51CA5B5B-11A4-4E92-8DE4-A59DED235AA9}"
EndProject
Project("{FAE04EC0-301F-11D3-BF4B-00C04F79EFBC}") = "ConsoleApp1", "ConsoleApp1\ConsoleApp1.csproj", "{E20D9284-94F9-4C73-916E-6865C76246DA}"
EndProject
Project("{FAE04EC0-301F-11D3-BF4B-00C04F79EFBC}") = "ControlStatements", "ControlStatements\ControlStatements.csproj", "{C6E49187-8C6A-46EA-B077-C4D9B1603889}"
EndProject
Project("{FAE04EC0-301F-11D3-BF4B-00C04F79EFBC}") = "ControlCommon", "ControlCommon\ControlCommon.csproj", "{358F5D8B-D76B-45E4-8104-6E833CC656E8}"
EndProject
Project("{FAE04EC0-301F-11D3-BF4B-00C04F79EFBC}") = "FormPropertiesMethodsE", "FormPropertiesMethodsE\FormPropertiesMethodsE.csproj", "{1E6BFDE3-2435-4792-928F-6804B8492DBA}"
EndProject
Project("{FAE04EC0-301F-11D3-BF4B-00C04F79EFBC}") = "MouseEvents", "MouseEvents\MouseEvents.csproj", "{34A9D3D5-EC45-491D-AC21-EFC9E4C96916}"
EndProject
Project("{FAE04EC0-301F-11D3-BF4B-00C04F79EFBC}") = "NumericUpDown", "NumericUpDown\NumericUpDown.csproj", "{74F8D977-5A9F-4F79-A69A-AF45404DF49B}"
EndProject
Project("{FAE04EC0-301F-11D3-BF4B-00C04F79EFBC}") = "keyboard-events", "keyboard-events\keyboard-events.csproj", "{851E7B82-5136-4E4C-B824-484BD4A82052}"
EndProject
Global
	GlobalSection(SolutionConfigurationPlatforms) = preSolution
		Debug|Any CPU = Debug|Any CPU
		Release|Any CPU = Release|Any CPU
	EndGlobalSection
	GlobalSection(ProjectConfigurationPlatforms) = postSolution
		{51CA5B5B-11A4-4E92-8DE4-A59DED235AA9}.Debug|Any CPU.ActiveCfg = Debug|Any CPU
		{51CA5B5B-11A4-4E92-8DE4-A59DED235AA9}.Debug|Any CPU.Build.0 = Debug|Any CPU
		{51CA5B5B-11A4-4E92-8DE4-A59DED235AA9}.Release|Any CPU.ActiveCfg = Release|Any CPU
		{51CA5B5B-11A4-4E92-8DE4-A59DED235AA9}.Release|Any CPU.Build.0 = Release|Any CPU
		{E20D9284-94F9-4C73-916E-6865C76246DA}.Debug|Any CPU.ActiveCfg = Debug|Any CPU
		{E20D9284-94F9-4C73-916E-6865C76246DA}.Debug|Any CPU.Build.0 = Debug|Any CPU
		{E20D9284-94F9-4C73-916E-6865C76246DA}.Release|Any CPU.ActiveCfg = Release|Any CPU
		{E20D9284-94F9-4C73-916E-6865C76246DA}.Release|Any CPU.Build.0 = Release|Any CPU
		{C6E49187-8C6A-46EA-B077-C4D9B1603889}.Debug|Any CPU.ActiveCfg = Debug|Any CPU
		{C6E49187-8C6A-46EA-B077-C4D9B1603889}.Debug|Any CPU.Build.0 = Debug|Any CPU
		{C6E49187-8C6A-46EA-B077-C4D9B1603889}.Release|Any CPU.ActiveCfg = Release|Any CPU
		{C6E49187-8C6A-46EA-B077-C4D9B1603889}.Release|Any CPU.Build.0 = Release|Any CPU
		{358F5D8B-D76B-45E4-8104-6E833CC656E8}.Debug|Any CPU.ActiveCfg = Debug|Any CPU
		{358F5D8B-D76B-45E4-8104-6E833CC656E8}.Debug|Any CPU.Build.0 = Debug|Any CPU
		{358F5D8B-D76B-45E4-8104-6E833CC656E8}.Release|Any CPU.ActiveCfg = Release|Any CPU
		{358F5D8B-D76B-45E4-8104-6E833CC656E8}.Release|Any CPU.Build.0 = Release|Any CPU
		{1E6BFDE3-2435-4792-928F-6804B8492DBA}.Debug|Any CPU.ActiveCfg = Debug|Any CPU
		{1E6BFDE3-2435-4792-928F-6804B8492DBA}.Debug|Any CPU.Build.0 = Debug|Any CPU
		{1E6BFDE3-2435-4792-928F-6804B8492DBA}.Release|Any CPU.ActiveCfg = Release|Any CPU
		{1E6BFDE3-2435-4792-928F-6804B8492DBA}.Release|Any CPU.Build.0 = Release|Any CPU
		{34A9D3D5-EC45-491D-AC21-EFC9E4C96916}.Debug|Any CPU.ActiveCfg = Debug|Any CPU
		{34A9D3D5-EC45-491D-AC21-EFC9E4C96916}.Debug|Any CPU.Build.0 = Debug|Any CPU
		{34A9D3D5-EC45-491D-AC21-EFC9E4C96916}.Release|Any CPU.ActiveCfg = Release|Any CPU
		{34A9D3D5-EC45-491D-AC21-EFC9E4C96916}.Release|Any CPU.Build.0 = Release|Any CPU
		{74F8D977-5A9F-4F79-A69A-AF45404DF49B}.Debug|Any CPU.ActiveCfg = Debug|Any CPU
		{74F8D977-5A9F-4F79-A69A-AF45404DF49B}.Debug|Any CPU.Build.0 = Debug|Any CPU
		{74F8D977-5A9F-4F79-A69A-AF45404DF49B}.Release|Any CPU.ActiveCfg = Release|Any CPU
		{74F8D977-5A9F-4F79-A69A-AF45404DF49B}.Release|Any CPU.Build.0 = Release|Any CPU
		{851E7B82-5136-4E4C-B824-484BD4A82052}.Debug|Any CPU.ActiveCfg = Debug|Any CPU
		{851E7B82-5136-4E4C-B824-484BD4A82052}.Debug|Any CPU.Build.0 = Debug|Any CPU
		{851E7B82-5136-4E4C-B824-484BD4A82052}.Release|Any CPU.ActiveCfg = Release|Any CPU
		{851E7B82-5136-4E4C-B824-484BD4A82052}.Release|Any CPU.Build.0 = Release|Any CPU
	EndGlobalSection
	GlobalSection(SolutionProperties) = preSolution
		HideSolutionNode = FALSE
	EndGlobalSection
	GlobalSection(ExtensibilityGlobals) = postSolution
		SolutionGuid = {93A24D03-935F-4B7A-9A0F-6D7C45456A5A}
	EndGlobalSection
EndGlobal
