
Microsoft Visual Studio Solution File, Format Version 12.00
# Visual Studio 15
VisualStudioVersion = 15.0.27428.1
MinimumVisualStudioVersion = 10.0.40219.1
Project("{FAE04EC0-301F-11D3-BF4B-00C04F79EFBC}") = "WindowsFormsEvents", "WindowsFormsEvents.csproj", "{44297E0D-36F9-458A-9DDF-4E86AB59A992}"
EndProject
Global
	GlobalSection(SolutionConfigurationPlatforms) = preSolution
		Debug|Any CPU = Debug|Any CPU
		Release|Any CPU = Release|Any CPU
	EndGlobalSection
	GlobalSection(ProjectConfigurationPlatforms) = postSolution
		{44297E0D-36F9-458A-9DDF-4E86AB59A992}.Debug|Any CPU.ActiveCfg = Debug|Any CPU
		{44297E0D-36F9-458A-9DDF-4E86AB59A992}.Debug|Any CPU.Build.0 = Debug|Any CPU
		{44297E0D-36F9-458A-9DDF-4E86AB59A992}.Release|Any CPU.ActiveCfg = Release|Any CPU
		{44297E0D-36F9-458A-9DDF-4E86AB59A992}.Release|Any CPU.Build.0 = Release|Any CPU
	EndGlobalSection
	GlobalSection(SolutionProperties) = preSolution
		HideSolutionNode = FALSE
	EndGlobalSection
	GlobalSection(ExtensibilityGlobals) = postSolution
		SolutionGuid = {104B4FBA-F4D0-4C2E-BF08-203D88F06C7C}
	EndGlobalSection
EndGlobal
